// !$*UTF8*$!
{
	archiveVersion = 1;
	classes = {
	};
	objectVersion = 50;
	objects = {

/* Begin PBXBuildFile section */
		184014130906A3620F1026C3 /* Pods_PurdueClass.framework in Frameworks */ = {isa = PBXBuildFile; fileRef = 1CB5FB171544398C9D6300CA /* Pods_PurdueClass.framework */; };
		DB57CB55220B94FE001342E9 /* ClassInformation.swift in Sources */ = {isa = PBXBuildFile; fileRef = DB57CB54220B94FE001342E9 /* ClassInformation.swift */; };
		DBAA475A220B233500AB0F5F /* AppDelegate.swift in Sources */ = {isa = PBXBuildFile; fileRef = DBAA4759220B233500AB0F5F /* AppDelegate.swift */; };
		DBAA475C220B233600AB0F5F /* ViewController.swift in Sources */ = {isa = PBXBuildFile; fileRef = DBAA475B220B233600AB0F5F /* ViewController.swift */; };
		DBAA475F220B233600AB0F5F /* Main.storyboard in Resources */ = {isa = PBXBuildFile; fileRef = DBAA475D220B233600AB0F5F /* Main.storyboard */; };
		DBAA4761220B233600AB0F5F /* Assets.xcassets in Resources */ = {isa = PBXBuildFile; fileRef = DBAA4760220B233600AB0F5F /* Assets.xcassets */; };
		DBAA4764220B233600AB0F5F /* LaunchScreen.storyboard in Resources */ = {isa = PBXBuildFile; fileRef = DBAA4762220B233600AB0F5F /* LaunchScreen.storyboard */; };
		DBC1C9DB220B3BD2009EDF1E /* HomePage.swift in Sources */ = {isa = PBXBuildFile; fileRef = DBC1C9DA220B3BD2009EDF1E /* HomePage.swift */; };
		F2DBEC6C221525630029AF2E /* ForgetPassword.swift in Sources */ = {isa = PBXBuildFile; fileRef = F2DBEC6B221525630029AF2E /* ForgetPassword.swift */; };
		F2DBEC6E22152FF90029AF2E /* SignUp.swift in Sources */ = {isa = PBXBuildFile; fileRef = F2DBEC6D22152FF90029AF2E /* SignUp.swift */; };
/* End PBXBuildFile section */

/* Begin PBXFileReference section */
		1CB5FB171544398C9D6300CA /* Pods_PurdueClass.framework */ = {isa = PBXFileReference; explicitFileType = wrapper.framework; includeInIndex = 0; path = Pods_PurdueClass.framework; sourceTree = BUILT_PRODUCTS_DIR; };
		AE73CFC0FBD646067DC4775E /* Pods-PurdueClass.debug.xcconfig */ = {isa = PBXFileReference; includeInIndex = 1; lastKnownFileType = text.xcconfig; name = "Pods-PurdueClass.debug.xcconfig"; path = "Pods/Target Support Files/Pods-PurdueClass/Pods-PurdueClass.debug.xcconfig"; sourceTree = "<group>"; };
		B0E55A0BC322F5F7E99B2354 /* Pods-PurdueClass.release.xcconfig */ = {isa = PBXFileReference; includeInIndex = 1; lastKnownFileType = text.xcconfig; name = "Pods-PurdueClass.release.xcconfig"; path = "Pods/Target Support Files/Pods-PurdueClass/Pods-PurdueClass.release.xcconfig"; sourceTree = "<group>"; };
		DB57CB54220B94FE001342E9 /* ClassInformation.swift */ = {isa = PBXFileReference; lastKnownFileType = sourcecode.swift; path = ClassInformation.swift; sourceTree = "<group>"; };
		DBAA4756220B233500AB0F5F /* PurdueClass.app */ = {isa = PBXFileReference; explicitFileType = wrapper.application; includeInIndex = 0; path = PurdueClass.app; sourceTree = BUILT_PRODUCTS_DIR; };
		DBAA4759220B233500AB0F5F /* AppDelegate.swift */ = {isa = PBXFileReference; lastKnownFileType = sourcecode.swift; path = AppDelegate.swift; sourceTree = "<group>"; };
		DBAA475B220B233600AB0F5F /* ViewController.swift */ = {isa = PBXFileReference; lastKnownFileType = sourcecode.swift; path = ViewController.swift; sourceTree = "<group>"; };
		DBAA475E220B233600AB0F5F /* Base */ = {isa = PBXFileReference; lastKnownFileType = file.storyboard; name = Base; path = Base.lproj/Main.storyboard; sourceTree = "<group>"; };
		DBAA4760220B233600AB0F5F /* Assets.xcassets */ = {isa = PBXFileReference; lastKnownFileType = folder.assetcatalog; path = Assets.xcassets; sourceTree = "<group>"; };
		DBAA4763220B233600AB0F5F /* Base */ = {isa = PBXFileReference; lastKnownFileType = file.storyboard; name = Base; path = Base.lproj/LaunchScreen.storyboard; sourceTree = "<group>"; };
		DBAA4765220B233600AB0F5F /* Info.plist */ = {isa = PBXFileReference; lastKnownFileType = text.plist.xml; path = Info.plist; sourceTree = "<group>"; };
		DBC1C9DA220B3BD2009EDF1E /* HomePage.swift */ = {isa = PBXFileReference; lastKnownFileType = sourcecode.swift; path = HomePage.swift; sourceTree = "<group>"; };
		F2DBEC6B221525630029AF2E /* ForgetPassword.swift */ = {isa = PBXFileReference; lastKnownFileType = sourcecode.swift; path = ForgetPassword.swift; sourceTree = "<group>"; };
		F2DBEC6D22152FF90029AF2E /* SignUp.swift */ = {isa = PBXFileReference; lastKnownFileType = sourcecode.swift; path = SignUp.swift; sourceTree = "<group>"; };
/* End PBXFileReference section */

/* Begin PBXFrameworksBuildPhase section */
		DBAA4753220B233500AB0F5F /* Frameworks */ = {
			isa = PBXFrameworksBuildPhase;
			buildActionMask = 2147483647;
			files = (
				184014130906A3620F1026C3 /* Pods_PurdueClass.framework in Frameworks */,
			);
			runOnlyForDeploymentPostprocessing = 0;
		};
/* End PBXFrameworksBuildPhase section */

/* Begin PBXGroup section */
		B71F669DF22C9C2B3625C153 /* Frameworks */ = {
			isa = PBXGroup;
			children = (
				1CB5FB171544398C9D6300CA /* Pods_PurdueClass.framework */,
			);
			name = Frameworks;
			sourceTree = "<group>";
		};
		CC687E531B8EBE9B4C316A0B /* Pods */ = {
			isa = PBXGroup;
			children = (
				AE73CFC0FBD646067DC4775E /* Pods-PurdueClass.debug.xcconfig */,
				B0E55A0BC322F5F7E99B2354 /* Pods-PurdueClass.release.xcconfig */,
			);
			name = Pods;
			sourceTree = "<group>";
		};
		DBAA474D220B233500AB0F5F = {
			isa = PBXGroup;
			children = (
				DBAA4758220B233500AB0F5F /* PurdueClass */,
				DBAA4757220B233500AB0F5F /* Products */,
				CC687E531B8EBE9B4C316A0B /* Pods */,
				B71F669DF22C9C2B3625C153 /* Frameworks */,
			);
			sourceTree = "<group>";
		};
		DBAA4757220B233500AB0F5F /* Products */ = {
			isa = PBXGroup;
			children = (
				DBAA4756220B233500AB0F5F /* PurdueClass.app */,
			);
			name = Products;
			sourceTree = "<group>";
		};
		DBAA4758220B233500AB0F5F /* PurdueClass */ = {
			isa = PBXGroup;
			children = (
				DBAA4759220B233500AB0F5F /* AppDelegate.swift */,
				DBAA475B220B233600AB0F5F /* ViewController.swift */,
				F2DBEC6D22152FF90029AF2E /* SignUp.swift */,
				F2DBEC6B221525630029AF2E /* ForgetPassword.swift */,
				DBAA475D220B233600AB0F5F /* Main.storyboard */,
				DB57CB54220B94FE001342E9 /* ClassInformation.swift */,
				DBC1C9DA220B3BD2009EDF1E /* HomePage.swift */,
				DBAA4760220B233600AB0F5F /* Assets.xcassets */,
				DBAA4762220B233600AB0F5F /* LaunchScreen.storyboard */,
				DBAA4765220B233600AB0F5F /* Info.plist */,
			);
			path = PurdueClass;
			sourceTree = "<group>";
		};
/* End PBXGroup section */

/* Begin PBXNativeTarget section */
		DBAA4755220B233500AB0F5F /* PurdueClass */ = {
			isa = PBXNativeTarget;
			buildConfigurationList = DBAA4768220B233600AB0F5F /* Build configuration list for PBXNativeTarget "PurdueClass" */;
			buildPhases = (
				6E68066E6A6C91FB21DB798A /* [CP] Check Pods Manifest.lock */,
				DBAA4752220B233500AB0F5F /* Sources */,
				DBAA4753220B233500AB0F5F /* Frameworks */,
				DBAA4754220B233500AB0F5F /* Resources */,
				7EA18CDE76E929420A0E66A5 /* [CP] Embed Pods Frameworks */,
			);
			buildRules = (
			);
			dependencies = (
			);
			name = PurdueClass;
			productName = PurdueClass;
			productReference = DBAA4756220B233500AB0F5F /* PurdueClass.app */;
			productType = "com.apple.product-type.application";
		};
/* End PBXNativeTarget section */

/* Begin PBXProject section */
		DBAA474E220B233500AB0F5F /* Project object */ = {
			isa = PBXProject;
			attributes = {
				LastSwiftUpdateCheck = 1010;
				LastUpgradeCheck = 1010;
				ORGANIZATIONNAME = "Qifeng Chen";
				TargetAttributes = {
					DBAA4755220B233500AB0F5F = {
						CreatedOnToolsVersion = 10.1;
					};
				};
			};
			buildConfigurationList = DBAA4751220B233500AB0F5F /* Build configuration list for PBXProject "PurdueClass" */;
			compatibilityVersion = "Xcode 9.3";
			developmentRegion = en;
			hasScannedForEncodings = 0;
			knownRegions = (
				en,
				Base,
			);
			mainGroup = DBAA474D220B233500AB0F5F;
			productRefGroup = DBAA4757220B233500AB0F5F /* Products */;
			projectDirPath = "";
			projectRoot = "";
			targets = (
				DBAA4755220B233500AB0F5F /* PurdueClass */,
			);
		};
/* End PBXProject section */

/* Begin PBXResourcesBuildPhase section */
		DBAA4754220B233500AB0F5F /* Resources */ = {
			isa = PBXResourcesBuildPhase;
			buildActionMask = 2147483647;
			files = (
				DBAA4764220B233600AB0F5F /* LaunchScreen.storyboard in Resources */,
				DBAA4761220B233600AB0F5F /* Assets.xcassets in Resources */,
				DBAA475F220B233600AB0F5F /* Main.storyboard in Resources */,
			);
			runOnlyForDeploymentPostprocessing = 0;
		};
/* End PBXResourcesBuildPhase section */

/* Begin PBXShellScriptBuildPhase section */
		6E68066E6A6C91FB21DB798A /* [CP] Check Pods Manifest.lock */ = {
			isa = PBXShellScriptBuildPhase;
			buildActionMask = 2147483647;
			files = (
			);
			inputFileListPaths = (
			);
			inputPaths = (
				"${PODS_PODFILE_DIR_PATH}/Podfile.lock",
				"${PODS_ROOT}/Manifest.lock",
			);
			name = "[CP] Check Pods Manifest.lock";
			outputFileListPaths = (
			);
			outputPaths = (
				"$(DERIVED_FILE_DIR)/Pods-PurdueClass-checkManifestLockResult.txt",
			);
			runOnlyForDeploymentPostprocessing = 0;
			shellPath = /bin/sh;
			shellScript = "diff \"${PODS_PODFILE_DIR_PATH}/Podfile.lock\" \"${PODS_ROOT}/Manifest.lock\" > /dev/null\nif [ $? != 0 ] ; then\n    # print error to STDERR\n    echo \"error: The sandbox is not in sync with the Podfile.lock. Run 'pod install' or update your CocoaPods installation.\" >&2\n    exit 1\nfi\n# This output is used by Xcode 'outputs' to avoid re-running this script phase.\necho \"SUCCESS\" > \"${SCRIPT_OUTPUT_FILE_0}\"\n";
			showEnvVarsInLog = 0;
		};
		7EA18CDE76E929420A0E66A5 /* [CP] Embed Pods Frameworks */ = {
			isa = PBXShellScriptBuildPhase;
			buildActionMask = 2147483647;
			files = (
			);
			inputFileListPaths = (
			);
			inputPaths = (
				"${SRCROOT}/Pods/Target Support Files/Pods-PurdueClass/Pods-PurdueClass-frameworks.sh",
				"${BUILT_PRODUCTS_DIR}/AWSAutoScaling/AWSAutoScaling.framework",
				"${BUILT_PRODUCTS_DIR}/AWSCloudWatch/AWSCloudWatch.framework",
				"${BUILT_PRODUCTS_DIR}/AWSCognito/AWSCognito.framework",
				"${BUILT_PRODUCTS_DIR}/AWSCognitoIdentityProvider/AWSCognitoIdentityProvider.framework",
				"${BUILT_PRODUCTS_DIR}/AWSCognitoIdentityProviderASF/AWSCognitoIdentityProviderASF.framework",
				"${BUILT_PRODUCTS_DIR}/AWSCore/AWSCore.framework",
				"${BUILT_PRODUCTS_DIR}/AWSDynamoDB/AWSDynamoDB.framework",
				"${BUILT_PRODUCTS_DIR}/AWSEC2/AWSEC2.framework",
				"${BUILT_PRODUCTS_DIR}/AWSElasticLoadBalancing/AWSElasticLoadBalancing.framework",
				"${BUILT_PRODUCTS_DIR}/AWSIoT/AWSIoT.framework",
				"${BUILT_PRODUCTS_DIR}/AWSKinesis/AWSKinesis.framework",
				"${BUILT_PRODUCTS_DIR}/AWSLambda/AWSLambda.framework",
				"${BUILT_PRODUCTS_DIR}/AWSMachineLearning/AWSMachineLearning.framework",
				"${BUILT_PRODUCTS_DIR}/AWSMobileAnalytics/AWSMobileAnalytics.framework",
				"${BUILT_PRODUCTS_DIR}/AWSS3/AWSS3.framework",
				"${BUILT_PRODUCTS_DIR}/AWSSES/AWSSES.framework",
				"${BUILT_PRODUCTS_DIR}/AWSSNS/AWSSNS.framework",
				"${BUILT_PRODUCTS_DIR}/AWSSQS/AWSSQS.framework",
				"${BUILT_PRODUCTS_DIR}/AWSSimpleDB/AWSSimpleDB.framework",
				"${BUILT_PRODUCTS_DIR}/Alamofire/Alamofire.framework",
				"${BUILT_PRODUCTS_DIR}/Moya/Moya.framework",
				"${BUILT_PRODUCTS_DIR}/Result/Result.framework",
			);
			name = "[CP] Embed Pods Frameworks";
			outputFileListPaths = (
			);
			outputPaths = (
				"${TARGET_BUILD_DIR}/${FRAMEWORKS_FOLDER_PATH}/AWSAutoScaling.framework",
				"${TARGET_BUILD_DIR}/${FRAMEWORKS_FOLDER_PATH}/AWSCloudWatch.framework",
				"${TARGET_BUILD_DIR}/${FRAMEWORKS_FOLDER_PATH}/AWSCognito.framework",
				"${TARGET_BUILD_DIR}/${FRAMEWORKS_FOLDER_PATH}/AWSCognitoIdentityProvider.framework",
				"${TARGET_BUILD_DIR}/${FRAMEWORKS_FOLDER_PATH}/AWSCognitoIdentityProviderASF.framework",
				"${TARGET_BUILD_DIR}/${FRAMEWORKS_FOLDER_PATH}/AWSCore.framework",
				"${TARGET_BUILD_DIR}/${FRAMEWORKS_FOLDER_PATH}/AWSDynamoDB.framework",
				"${TARGET_BUILD_DIR}/${FRAMEWORKS_FOLDER_PATH}/AWSEC2.framework",
				"${TARGET_BUILD_DIR}/${FRAMEWORKS_FOLDER_PATH}/AWSElasticLoadBalancing.framework",
				"${TARGET_BUILD_DIR}/${FRAMEWORKS_FOLDER_PATH}/AWSIoT.framework",
				"${TARGET_BUILD_DIR}/${FRAMEWORKS_FOLDER_PATH}/AWSKinesis.framework",
				"${TARGET_BUILD_DIR}/${FRAMEWORKS_FOLDER_PATH}/AWSLambda.framework",
				"${TARGET_BUILD_DIR}/${FRAMEWORKS_FOLDER_PATH}/AWSMachineLearning.framework",
				"${TARGET_BUILD_DIR}/${FRAMEWORKS_FOLDER_PATH}/AWSMobileAnalytics.framework",
				"${TARGET_BUILD_DIR}/${FRAMEWORKS_FOLDER_PATH}/AWSS3.framework",
				"${TARGET_BUILD_DIR}/${FRAMEWORKS_FOLDER_PATH}/AWSSES.framework",
				"${TARGET_BUILD_DIR}/${FRAMEWORKS_FOLDER_PATH}/AWSSNS.framework",
				"${TARGET_BUILD_DIR}/${FRAMEWORKS_FOLDER_PATH}/AWSSQS.framework",
				"${TARGET_BUILD_DIR}/${FRAMEWORKS_FOLDER_PATH}/AWSSimpleDB.framework",
				"${TARGET_BUILD_DIR}/${FRAMEWORKS_FOLDER_PATH}/Alamofire.framework",
				"${TARGET_BUILD_DIR}/${FRAMEWORKS_FOLDER_PATH}/Moya.framework",
				"${TARGET_BUILD_DIR}/${FRAMEWORKS_FOLDER_PATH}/Result.framework",
			);
			runOnlyForDeploymentPostprocessing = 0;
			shellPath = /bin/sh;
			shellScript = "\"${SRCROOT}/Pods/Target Support Files/Pods-PurdueClass/Pods-PurdueClass-frameworks.sh\"\n";
			showEnvVarsInLog = 0;
		};
/* End PBXShellScriptBuildPhase section */

/* Begin PBXSourcesBuildPhase section */
		DBAA4752220B233500AB0F5F /* Sources */ = {
			isa = PBXSourcesBuildPhase;
			buildActionMask = 2147483647;
			files = (
				DBAA475C220B233600AB0F5F /* ViewController.swift in Sources */,
				F2DBEC6E22152FF90029AF2E /* SignUp.swift in Sources */,
				DB57CB55220B94FE001342E9 /* ClassInformation.swift in Sources */,
				DBC1C9DB220B3BD2009EDF1E /* HomePage.swift in Sources */,
				DBAA475A220B233500AB0F5F /* AppDelegate.swift in Sources */,
				F2DBEC6C221525630029AF2E /* ForgetPassword.swift in Sources */,
			);
			runOnlyForDeploymentPostprocessing = 0;
		};
/* End PBXSourcesBuildPhase section */

/* Begin PBXVariantGroup section */
		DBAA475D220B233600AB0F5F /* Main.storyboard */ = {
			isa = PBXVariantGroup;
			children = (
				DBAA475E220B233600AB0F5F /* Base */,
			);
			name = Main.storyboard;
			sourceTree = "<group>";
		};
		DBAA4762220B233600AB0F5F /* LaunchScreen.storyboard */ = {
			isa = PBXVariantGroup;
			children = (
				DBAA4763220B233600AB0F5F /* Base */,
			);
			name = LaunchScreen.storyboard;
			sourceTree = "<group>";
		};
/* End PBXVariantGroup section */

/* Begin XCBuildConfiguration section */
		DBAA4766220B233600AB0F5F /* Debug */ = {
			isa = XCBuildConfiguration;
			buildSettings = {
				ALWAYS_SEARCH_USER_PATHS = NO;
				CLANG_ANALYZER_NONNULL = YES;
				CLANG_ANALYZER_NUMBER_OBJECT_CONVERSION = YES_AGGRESSIVE;
				CLANG_CXX_LANGUAGE_STANDARD = "gnu++14";
				CLANG_CXX_LIBRARY = "libc++";
				CLANG_ENABLE_MODULES = YES;
				CLANG_ENABLE_OBJC_ARC = YES;
				CLANG_ENABLE_OBJC_WEAK = YES;
				CLANG_WARN_BLOCK_CAPTURE_AUTORELEASING = YES;
				CLANG_WARN_BOOL_CONVERSION = YES;
				CLANG_WARN_COMMA = YES;
				CLANG_WARN_CONSTANT_CONVERSION = YES;
				CLANG_WARN_DEPRECATED_OBJC_IMPLEMENTATIONS = YES;
				CLANG_WARN_DIRECT_OBJC_ISA_USAGE = YES_ERROR;
				CLANG_WARN_DOCUMENTATION_COMMENTS = YES;
				CLANG_WARN_EMPTY_BODY = YES;
				CLANG_WARN_ENUM_CONVERSION = YES;
				CLANG_WARN_INFINITE_RECURSION = YES;
				CLANG_WARN_INT_CONVERSION = YES;
				CLANG_WARN_NON_LITERAL_NULL_CONVERSION = YES;
				CLANG_WARN_OBJC_IMPLICIT_RETAIN_SELF = YES;
				CLANG_WARN_OBJC_LITERAL_CONVERSION = YES;
				CLANG_WARN_OBJC_ROOT_CLASS = YES_ERROR;
				CLANG_WARN_RANGE_LOOP_ANALYSIS = YES;
				CLANG_WARN_STRICT_PROTOTYPES = YES;
				CLANG_WARN_SUSPICIOUS_MOVE = YES;
				CLANG_WARN_UNGUARDED_AVAILABILITY = YES_AGGRESSIVE;
				CLANG_WARN_UNREACHABLE_CODE = YES;
				CLANG_WARN__DUPLICATE_METHOD_MATCH = YES;
				CODE_SIGN_IDENTITY = "iPhone Developer";
				COPY_PHASE_STRIP = NO;
				DEBUG_INFORMATION_FORMAT = dwarf;
				ENABLE_STRICT_OBJC_MSGSEND = YES;
				ENABLE_TESTABILITY = YES;
				GCC_C_LANGUAGE_STANDARD = gnu11;
				GCC_DYNAMIC_NO_PIC = NO;
				GCC_NO_COMMON_BLOCKS = YES;
				GCC_OPTIMIZATION_LEVEL = 0;
				GCC_PREPROCESSOR_DEFINITIONS = (
					"DEBUG=1",
					"$(inherited)",
				);
				GCC_WARN_64_TO_32_BIT_CONVERSION = YES;
				GCC_WARN_ABOUT_RETURN_TYPE = YES_ERROR;
				GCC_WARN_UNDECLARED_SELECTOR = YES;
				GCC_WARN_UNINITIALIZED_AUTOS = YES_AGGRESSIVE;
				GCC_WARN_UNUSED_FUNCTION = YES;
				GCC_WARN_UNUSED_VARIABLE = YES;
				IPHONEOS_DEPLOYMENT_TARGET = 12.1;
				MTL_ENABLE_DEBUG_INFO = INCLUDE_SOURCE;
				MTL_FAST_MATH = YES;
				ONLY_ACTIVE_ARCH = YES;
				SDKROOT = iphoneos;
				SWIFT_ACTIVE_COMPILATION_CONDITIONS = DEBUG;
				SWIFT_OPTIMIZATION_LEVEL = "-Onone";
			};
			name = Debug;
		};
		DBAA4767220B233600AB0F5F /* Release */ = {
			isa = XCBuildConfiguration;
			buildSettings = {
				ALWAYS_SEARCH_USER_PATHS = NO;
				CLANG_ANALYZER_NONNULL = YES;
				CLANG_ANALYZER_NUMBER_OBJECT_CONVERSION = YES_AGGRESSIVE;
				CLANG_CXX_LANGUAGE_STANDARD = "gnu++14";
				CLANG_CXX_LIBRARY = "libc++";
				CLANG_ENABLE_MODULES = YES;
				CLANG_ENABLE_OBJC_ARC = YES;
				CLANG_ENABLE_OBJC_WEAK = YES;
				CLANG_WARN_BLOCK_CAPTURE_AUTORELEASING = YES;
				CLANG_WARN_BOOL_CONVERSION = YES;
				CLANG_WARN_COMMA = YES;
				CLANG_WARN_CONSTANT_CONVERSION = YES;
				CLANG_WARN_DEPRECATED_OBJC_IMPLEMENTATIONS = YES;
				CLANG_WARN_DIRECT_OBJC_ISA_USAGE = YES_ERROR;
				CLANG_WARN_DOCUMENTATION_COMMENTS = YES;
				CLANG_WARN_EMPTY_BODY = YES;
				CLANG_WARN_ENUM_CONVERSION = YES;
				CLANG_WARN_INFINITE_RECURSION = YES;
				CLANG_WARN_INT_CONVERSION = YES;
				CLANG_WARN_NON_LITERAL_NULL_CONVERSION = YES;
				CLANG_WARN_OBJC_IMPLICIT_RETAIN_SELF = YES;
				CLANG_WARN_OBJC_LITERAL_CONVERSION = YES;
				CLANG_WARN_OBJC_ROOT_CLASS = YES_ERROR;
				CLANG_WARN_RANGE_LOOP_ANALYSIS = YES;
				CLANG_WARN_STRICT_PROTOTYPES = YES;
				CLANG_WARN_SUSPICIOUS_MOVE = YES;
				CLANG_WARN_UNGUARDED_AVAILABILITY = YES_AGGRESSIVE;
				CLANG_WARN_UNREACHABLE_CODE = YES;
				CLANG_WARN__DUPLICATE_METHOD_MATCH = YES;
				CODE_SIGN_IDENTITY = "iPhone Developer";
				COPY_PHASE_STRIP = NO;
				DEBUG_INFORMATION_FORMAT = "dwarf-with-dsym";
				ENABLE_NS_ASSERTIONS = NO;
				ENABLE_STRICT_OBJC_MSGSEND = YES;
				GCC_C_LANGUAGE_STANDARD = gnu11;
				GCC_NO_COMMON_BLOCKS = YES;
				GCC_WARN_64_TO_32_BIT_CONVERSION = YES;
				GCC_WARN_ABOUT_RETURN_TYPE = YES_ERROR;
				GCC_WARN_UNDECLARED_SELECTOR = YES;
				GCC_WARN_UNINITIALIZED_AUTOS = YES_AGGRESSIVE;
				GCC_WARN_UNUSED_FUNCTION = YES;
				GCC_WARN_UNUSED_VARIABLE = YES;
				IPHONEOS_DEPLOYMENT_TARGET = 12.1;
				MTL_ENABLE_DEBUG_INFO = NO;
				MTL_FAST_MATH = YES;
				SDKROOT = iphoneos;
				SWIFT_COMPILATION_MODE = wholemodule;
				SWIFT_OPTIMIZATION_LEVEL = "-O";
				VALIDATE_PRODUCT = YES;
			};
			name = Release;
		};
		DBAA4769220B233600AB0F5F /* Debug */ = {
			isa = XCBuildConfiguration;
			baseConfigurationReference = AE73CFC0FBD646067DC4775E /* Pods-PurdueClass.debug.xcconfig */;
			buildSettings = {
				ASSETCATALOG_COMPILER_APPICON_NAME = AppIcon;
				CODE_SIGN_STYLE = Automatic;
				COPY_HEADERS_RUN_UNIFDEF = NO;
				DEVELOPMENT_TEAM = 2662NUG884;
				FRAMEWORK_SEARCH_PATHS = (
					"$(inherited)",
					"\"${PODS_CONFIGURATION_BUILD_DIR}/Alamofire\"",
					"\"${PODS_CONFIGURATION_BUILD_DIR}/Moya\"",
					"\"${PODS_CONFIGURATION_BUILD_DIR}/Result\"",
				);
				INFOPLIST_FILE = PurdueClass/Info.plist;
				LD_RUNPATH_SEARCH_PATHS = (
					"$(inherited)",
					"@executable_path/Frameworks",
				);
				PRODUCT_BUNDLE_IDENTIFIER = "Qifeng-Chen";
				PRODUCT_NAME = "$(TARGET_NAME)";
				SWIFT_VERSION = 4.2;
				TARGETED_DEVICE_FAMILY = "1,2";
				"USER_HEADER_SEARCH_PATHS[arch=*]" = "$(PODS_ROOT)/** ${SRCROOT}/**";
			};
			name = Debug;
		};
		DBAA476A220B233600AB0F5F /* Release */ = {
			isa = XCBuildConfiguration;
			baseConfigurationReference = B0E55A0BC322F5F7E99B2354 /* Pods-PurdueClass.release.xcconfig */;
			buildSettings = {
				ASSETCATALOG_COMPILER_APPICON_NAME = AppIcon;
				CODE_SIGN_STYLE = Automatic;
				COPY_HEADERS_RUN_UNIFDEF = NO;
				DEVELOPMENT_TEAM = 2662NUG884;
				FRAMEWORK_SEARCH_PATHS = (
					"$(inherited)",
					"\"${PODS_CONFIGURATION_BUILD_DIR}/Alamofire\"",
					"\"${PODS_CONFIGURATION_BUILD_DIR}/Moya\"",
					"\"${PODS_CONFIGURATION_BUILD_DIR}/Result\"",
				);
				INFOPLIST_FILE = PurdueClass/Info.plist;
				LD_RUNPATH_SEARCH_PATHS = (
					"$(inherited)",
					"@executable_path/Frameworks",
				);
				PRODUCT_BUNDLE_IDENTIFIER = "Qifeng-Chen";
				PRODUCT_NAME = "$(TARGET_NAME)";
				SWIFT_VERSION = 4.2;
				TARGETED_DEVICE_FAMILY = "1,2";
				"USER_HEADER_SEARCH_PATHS[arch=*]" = "$(PODS_ROOT)/**";
			};
			name = Release;
		};
/* End XCBuildConfiguration section */

/* Begin XCConfigurationList section */
		DBAA4751220B233500AB0F5F /* Build configuration list for PBXProject "PurdueClass" */ = {
			isa = XCConfigurationList;
			buildConfigurations = (
				DBAA4766220B233600AB0F5F /* Debug */,
				DBAA4767220B233600AB0F5F /* Release */,
			);
			defaultConfigurationIsVisible = 0;
			defaultConfigurationName = Release;
		};
		DBAA4768220B233600AB0F5F /* Build configuration list for PBXNativeTarget "PurdueClass" */ = {
			isa = XCConfigurationList;
			buildConfigurations = (
				DBAA4769220B233600AB0F5F /* Debug */,
				DBAA476A220B233600AB0F5F /* Release */,
			);
			defaultConfigurationIsVisible = 0;
			defaultConfigurationName = Release;
		};
/* End XCConfigurationList section */
	};
	rootObject = DBAA474E220B233500AB0F5F /* Project object */;
}
